
Microsoft Visual Studio Solution File, Format Version 12.00
# Visual Studio Version 16
VisualStudioVersion = 16.0.31410.357
MinimumVisualStudioVersion = 10.0.40219.1
Project("{9A19103F-16F7-4668-BE54-9A1E7A4F7556}") = "YCC.WebApp", "YCC.WebApp\YCC.WebApp.csproj", "{1F9DB599-88FB-4721-8215-FF3D7E710C30}"
EndProject
Project("{2150E333-8FDC-42A3-9474-1A3956D46DE8}") = "Solution Items", "Solution Items", "{25B5D5D3-7FB0-4610-A373-45130C2B3627}"
	ProjectSection(SolutionItems) = preProject
		README.md = README.md
	EndProjectSection
EndProject
Project("{9A19103F-16F7-4668-BE54-9A1E7A4F7556}") = "YCC.Data", "YCC.Data\YCC.Data.csproj", "{853CA1EF-7871-44FA-BC2F-84F1FBF6DFE4}"
EndProject
Project("{9A19103F-16F7-4668-BE54-9A1E7A4F7556}") = "YCC.Application", "YCC.Application\YCC.Application.csproj", "{C31D6428-1B3E-44F1-80A7-FE3C04097B71}"
EndProject
Project("{FAE04EC0-301F-11D3-BF4B-00C04F79EFBC}") = "YCC.Utilities", "YCC.Utilities\YCC.Utilities.csproj", "{075222DB-86C4-43F8-B1AA-8A74562AE546}"
EndProject
Project("{FAE04EC0-301F-11D3-BF4B-00C04F79EFBC}") = "ViewModels", "ViewModels\ViewModels.csproj", "{C01A7915-D068-4CB4-8C6A-9E705E2C36D7}"
EndProject
Global
	GlobalSection(SolutionConfigurationPlatforms) = preSolution
		Debug|Any CPU = Debug|Any CPU
		Release|Any CPU = Release|Any CPU
	EndGlobalSection
	GlobalSection(ProjectConfigurationPlatforms) = postSolution
		{1F9DB599-88FB-4721-8215-FF3D7E710C30}.Debug|Any CPU.ActiveCfg = Debug|Any CPU
		{1F9DB599-88FB-4721-8215-FF3D7E710C30}.Debug|Any CPU.Build.0 = Debug|Any CPU
		{1F9DB599-88FB-4721-8215-FF3D7E710C30}.Release|Any CPU.ActiveCfg = Release|Any CPU
		{1F9DB599-88FB-4721-8215-FF3D7E710C30}.Release|Any CPU.Build.0 = Release|Any CPU
		{853CA1EF-7871-44FA-BC2F-84F1FBF6DFE4}.Debug|Any CPU.ActiveCfg = Debug|Any CPU
		{853CA1EF-7871-44FA-BC2F-84F1FBF6DFE4}.Debug|Any CPU.Build.0 = Debug|Any CPU
		{853CA1EF-7871-44FA-BC2F-84F1FBF6DFE4}.Release|Any CPU.ActiveCfg = Release|Any CPU
		{853CA1EF-7871-44FA-BC2F-84F1FBF6DFE4}.Release|Any CPU.Build.0 = Release|Any CPU
		{C31D6428-1B3E-44F1-80A7-FE3C04097B71}.Debug|Any CPU.ActiveCfg = Debug|Any CPU
		{C31D6428-1B3E-44F1-80A7-FE3C04097B71}.Debug|Any CPU.Build.0 = Debug|Any CPU
		{C31D6428-1B3E-44F1-80A7-FE3C04097B71}.Release|Any CPU.ActiveCfg = Release|Any CPU
		{C31D6428-1B3E-44F1-80A7-FE3C04097B71}.Release|Any CPU.Build.0 = Release|Any CPU
		{075222DB-86C4-43F8-B1AA-8A74562AE546}.Debug|Any CPU.ActiveCfg = Debug|Any CPU
		{075222DB-86C4-43F8-B1AA-8A74562AE546}.Debug|Any CPU.Build.0 = Debug|Any CPU
		{075222DB-86C4-43F8-B1AA-8A74562AE546}.Release|Any CPU.ActiveCfg = Release|Any CPU
		{075222DB-86C4-43F8-B1AA-8A74562AE546}.Release|Any CPU.Build.0 = Release|Any CPU
		{C01A7915-D068-4CB4-8C6A-9E705E2C36D7}.Debug|Any CPU.ActiveCfg = Debug|Any CPU
		{C01A7915-D068-4CB4-8C6A-9E705E2C36D7}.Debug|Any CPU.Build.0 = Debug|Any CPU
		{C01A7915-D068-4CB4-8C6A-9E705E2C36D7}.Release|Any CPU.ActiveCfg = Release|Any CPU
		{C01A7915-D068-4CB4-8C6A-9E705E2C36D7}.Release|Any CPU.Build.0 = Release|Any CPU
	EndGlobalSection
	GlobalSection(SolutionProperties) = preSolution
		HideSolutionNode = FALSE
	EndGlobalSection
	GlobalSection(ExtensibilityGlobals) = postSolution
		SolutionGuid = {976A2586-7811-4C40-9ADF-E2A9542963FA}
	EndGlobalSection
EndGlobal
